
Microsoft Visual Studio Solution File, Format Version 12.00
# Visual Studio Version 17
VisualStudioVersion = 17.6.33723.286
MinimumVisualStudioVersion = 10.0.40219.1
Project("{FAE04EC0-301F-11D3-BF4B-00C04F79EFBC}") = "homeWork6", "homeWork6\homeWork6.csproj", "{EFF3177C-7BB6-4EE4-B571-0DFA06551342}"
EndProject
Global
	GlobalSection(SolutionConfigurationPlatforms) = preSolution
		Debug|Any CPU = Debug|Any CPU
		Release|Any CPU = Release|Any CPU
	EndGlobalSection
	GlobalSection(ProjectConfigurationPlatforms) = postSolution
		{EFF3177C-7BB6-4EE4-B571-0DFA06551342}.Debug|Any CPU.ActiveCfg = Debug|Any CPU
		{EFF3177C-7BB6-4EE4-B571-0DFA06551342}.Debug|Any CPU.Build.0 = Debug|Any CPU
		{EFF3177C-7BB6-4EE4-B571-0DFA06551342}.Release|Any CPU.ActiveCfg = Release|Any CPU
		{EFF3177C-7BB6-4EE4-B571-0DFA06551342}.Release|Any CPU.Build.0 = Release|Any CPU
	EndGlobalSection
	GlobalSection(SolutionProperties) = preSolution
		HideSolutionNode = FALSE
	EndGlobalSection
	GlobalSection(ExtensibilityGlobals) = postSolution
		SolutionGuid = {1C0E7E17-D3BA-4681-9A6D-199EA7DC24F0}
	EndGlobalSection
EndGlobal
